
Microsoft Visual Studio Solution File, Format Version 12.00
# Visual Studio 2013
VisualStudioVersion = 12.0.40629.0
MinimumVisualStudioVersion = 10.0.40219.1
Project("{FAE04EC0-301F-11D3-BF4B-00C04F79EFBC}") = "Xania.Steps", "Xania.Steps\Xania.Steps.csproj", "{CE8C3FB6-42BC-4C8B-A209-32555FDB53F6}"
EndProject
Project("{FAE04EC0-301F-11D3-BF4B-00C04F79EFBC}") = "Xania.Steps.Tests", "Xania.Steps.Tests\Xania.Steps.Tests.csproj", "{79645335-98FC-4325-8507-E22FCE52ED42}"
EndProject
Project("{FAE04EC0-301F-11D3-BF4B-00C04F79EFBC}") = "Xania.Steps.Design", "Xania.Steps.Design\Xania.Steps.Design.csproj", "{AE3B776D-A76A-4391-97BC-4B30B95606D0}"
EndProject
Project("{FAE04EC0-301F-11D3-BF4B-00C04F79EFBC}") = "Xania.Calculation.Designer", "Xania.Calculation.Designer\Xania.Calculation.Designer.csproj", "{E82AE7C0-18C6-41E0-986D-3397C53337B9}"
EndProject
Project("{FAE04EC0-301F-11D3-BF4B-00C04F79EFBC}") = "Xania.Calculation.Designer.Tests", "Xania.Calculation.Designer.Tests\Xania.Calculation.Designer.Tests.csproj", "{AA88E60F-7F12-4FC3-843B-CABE3637F66D}"
EndProject
Global
	GlobalSection(SolutionConfigurationPlatforms) = preSolution
		Debug|Any CPU = Debug|Any CPU
		Release|Any CPU = Release|Any CPU
	EndGlobalSection
	GlobalSection(ProjectConfigurationPlatforms) = postSolution
		{CE8C3FB6-42BC-4C8B-A209-32555FDB53F6}.Debug|Any CPU.ActiveCfg = Debug|Any CPU
		{CE8C3FB6-42BC-4C8B-A209-32555FDB53F6}.Debug|Any CPU.Build.0 = Debug|Any CPU
		{CE8C3FB6-42BC-4C8B-A209-32555FDB53F6}.Release|Any CPU.ActiveCfg = Release|Any CPU
		{CE8C3FB6-42BC-4C8B-A209-32555FDB53F6}.Release|Any CPU.Build.0 = Release|Any CPU
		{79645335-98FC-4325-8507-E22FCE52ED42}.Debug|Any CPU.ActiveCfg = Debug|Any CPU
		{79645335-98FC-4325-8507-E22FCE52ED42}.Debug|Any CPU.Build.0 = Debug|Any CPU
		{79645335-98FC-4325-8507-E22FCE52ED42}.Release|Any CPU.ActiveCfg = Release|Any CPU
		{79645335-98FC-4325-8507-E22FCE52ED42}.Release|Any CPU.Build.0 = Release|Any CPU
		{AE3B776D-A76A-4391-97BC-4B30B95606D0}.Debug|Any CPU.ActiveCfg = Debug|Any CPU
		{AE3B776D-A76A-4391-97BC-4B30B95606D0}.Debug|Any CPU.Build.0 = Debug|Any CPU
		{AE3B776D-A76A-4391-97BC-4B30B95606D0}.Release|Any CPU.ActiveCfg = Release|Any CPU
		{AE3B776D-A76A-4391-97BC-4B30B95606D0}.Release|Any CPU.Build.0 = Release|Any CPU
		{E82AE7C0-18C6-41E0-986D-3397C53337B9}.Debug|Any CPU.ActiveCfg = Debug|Any CPU
		{E82AE7C0-18C6-41E0-986D-3397C53337B9}.Debug|Any CPU.Build.0 = Debug|Any CPU
		{E82AE7C0-18C6-41E0-986D-3397C53337B9}.Release|Any CPU.ActiveCfg = Release|Any CPU
		{E82AE7C0-18C6-41E0-986D-3397C53337B9}.Release|Any CPU.Build.0 = Release|Any CPU
		{AA88E60F-7F12-4FC3-843B-CABE3637F66D}.Debug|Any CPU.ActiveCfg = Debug|Any CPU
		{AA88E60F-7F12-4FC3-843B-CABE3637F66D}.Debug|Any CPU.Build.0 = Debug|Any CPU
		{AA88E60F-7F12-4FC3-843B-CABE3637F66D}.Release|Any CPU.ActiveCfg = Release|Any CPU
		{AA88E60F-7F12-4FC3-843B-CABE3637F66D}.Release|Any CPU.Build.0 = Release|Any CPU
	EndGlobalSection
	GlobalSection(SolutionProperties) = preSolution
		HideSolutionNode = FALSE
	EndGlobalSection
EndGlobal
